
Microsoft Visual Studio Solution File, Format Version 12.00
# Visual Studio Version 16
VisualStudioVersion = 16.0.29025.244
MinimumVisualStudioVersion = 10.0.40219.1
Project("{FAE04EC0-301F-11D3-BF4B-00C04F79EFBC}") = "SkillTreeMVC", "SkillTreeMVC\SkillTreeMVC.csproj", "{631CD971-674D-4BA5-A4B3-5D1BC73977EC}"
EndProject
Global
	GlobalSection(SolutionConfigurationPlatforms) = preSolution
		Debug|Any CPU = Debug|Any CPU
		Release|Any CPU = Release|Any CPU
	EndGlobalSection
	GlobalSection(ProjectConfigurationPlatforms) = postSolution
		{631CD971-674D-4BA5-A4B3-5D1BC73977EC}.Debug|Any CPU.ActiveCfg = Debug|Any CPU
		{631CD971-674D-4BA5-A4B3-5D1BC73977EC}.Debug|Any CPU.Build.0 = Debug|Any CPU
		{631CD971-674D-4BA5-A4B3-5D1BC73977EC}.Release|Any CPU.ActiveCfg = Release|Any CPU
		{631CD971-674D-4BA5-A4B3-5D1BC73977EC}.Release|Any CPU.Build.0 = Release|Any CPU
	EndGlobalSection
	GlobalSection(SolutionProperties) = preSolution
		HideSolutionNode = FALSE
	EndGlobalSection
	GlobalSection(ExtensibilityGlobals) = postSolution
		SolutionGuid = {D4A0F3D4-2AFA-4C06-B1F7-6378379CA553}
	EndGlobalSection
EndGlobal
